// !$*UTF8*$!
{
	archiveVersion = 1;
	classes = {
	};
	objectVersion = 55;
	objects = {

/* Begin PBXBuildFile section */
		B75B3D4328749702004DC014 /* FinalViewController.swift in Sources */ = {isa = PBXBuildFile; fileRef = B75B3D4228749702004DC014 /* FinalViewController.swift */; };
		B7A8CE9E28586434006365A7 /* InitialViewController.swift in Sources */ = {isa = PBXBuildFile; fileRef = B7A8CE9D28586434006365A7 /* InitialViewController.swift */; };
		B7A8CEA02858651C006365A7 /* MenuViewController.swift in Sources */ = {isa = PBXBuildFile; fileRef = B7A8CE9F2858651C006365A7 /* MenuViewController.swift */; };
		B7D27E6F285B179A00711604 /* GoogleService-Info.plist in Resources */ = {isa = PBXBuildFile; fileRef = B7D27E6E285B179A00711604 /* GoogleService-Info.plist */; };
		B7EA7EAE2851D80D006D8857 /* AppDelegate.swift in Sources */ = {isa = PBXBuildFile; fileRef = B7EA7EAD2851D80D006D8857 /* AppDelegate.swift */; };
		B7EA7EB02851D80D006D8857 /* SceneDelegate.swift in Sources */ = {isa = PBXBuildFile; fileRef = B7EA7EAF2851D80D006D8857 /* SceneDelegate.swift */; };
		B7EA7EB22851D80D006D8857 /* ViewController.swift in Sources */ = {isa = PBXBuildFile; fileRef = B7EA7EB12851D80D006D8857 /* ViewController.swift */; };
		B7EA7EB52851D80D006D8857 /* Main.storyboard in Resources */ = {isa = PBXBuildFile; fileRef = B7EA7EB32851D80D006D8857 /* Main.storyboard */; };
		B7EA7EB72851D80E006D8857 /* Assets.xcassets in Resources */ = {isa = PBXBuildFile; fileRef = B7EA7EB62851D80E006D8857 /* Assets.xcassets */; };
		B7EA7EBA2851D80E006D8857 /* LaunchScreen.storyboard in Resources */ = {isa = PBXBuildFile; fileRef = B7EA7EB82851D80E006D8857 /* LaunchScreen.storyboard */; };
		C99042AAB23B106645230B48 /* Pods_TicTacToe_pvp.framework in Frameworks */ = {isa = PBXBuildFile; fileRef = 4A5B2DDAE4DE3146F8AEC27E /* Pods_TicTacToe_pvp.framework */; };
/* End PBXBuildFile section */

/* Begin PBXFileReference section */
		35BEBB6BF74B57D8F291C081 /* Pods-TicTacToe_pvp.debug.xcconfig */ = {isa = PBXFileReference; includeInIndex = 1; lastKnownFileType = text.xcconfig; name = "Pods-TicTacToe_pvp.debug.xcconfig"; path = "Target Support Files/Pods-TicTacToe_pvp/Pods-TicTacToe_pvp.debug.xcconfig"; sourceTree = "<group>"; };
		4A5B2DDAE4DE3146F8AEC27E /* Pods_TicTacToe_pvp.framework */ = {isa = PBXFileReference; explicitFileType = wrapper.framework; includeInIndex = 0; path = Pods_TicTacToe_pvp.framework; sourceTree = BUILT_PRODUCTS_DIR; };
		B75B3D4228749702004DC014 /* FinalViewController.swift */ = {isa = PBXFileReference; lastKnownFileType = sourcecode.swift; path = FinalViewController.swift; sourceTree = "<group>"; };
		B7A8CE9D28586434006365A7 /* InitialViewController.swift */ = {isa = PBXFileReference; lastKnownFileType = sourcecode.swift; path = InitialViewController.swift; sourceTree = "<group>"; };
		B7A8CE9F2858651C006365A7 /* MenuViewController.swift */ = {isa = PBXFileReference; lastKnownFileType = sourcecode.swift; path = MenuViewController.swift; sourceTree = "<group>"; };
		B7D27E6E285B179A00711604 /* GoogleService-Info.plist */ = {isa = PBXFileReference; fileEncoding = 4; lastKnownFileType = text.plist.xml; path = "GoogleService-Info.plist"; sourceTree = "<group>"; };
		B7EA7EAA2851D80D006D8857 /* TicTacToe_pvp.app */ = {isa = PBXFileReference; explicitFileType = wrapper.application; includeInIndex = 0; path = TicTacToe_pvp.app; sourceTree = BUILT_PRODUCTS_DIR; };
		B7EA7EAD2851D80D006D8857 /* AppDelegate.swift */ = {isa = PBXFileReference; lastKnownFileType = sourcecode.swift; path = AppDelegate.swift; sourceTree = "<group>"; };
		B7EA7EAF2851D80D006D8857 /* SceneDelegate.swift */ = {isa = PBXFileReference; lastKnownFileType = sourcecode.swift; path = SceneDelegate.swift; sourceTree = "<group>"; };
		B7EA7EB12851D80D006D8857 /* ViewController.swift */ = {isa = PBXFileReference; lastKnownFileType = sourcecode.swift; path = ViewController.swift; sourceTree = "<group>"; };
		B7EA7EB42851D80D006D8857 /* Base */ = {isa = PBXFileReference; lastKnownFileType = file.storyboard; name = Base; path = Base.lproj/Main.storyboard; sourceTree = "<group>"; };
		B7EA7EB62851D80E006D8857 /* Assets.xcassets */ = {isa = PBXFileReference; lastKnownFileType = folder.assetcatalog; path = Assets.xcassets; sourceTree = "<group>"; };
		B7EA7EB92851D80E006D8857 /* Base */ = {isa = PBXFileReference; lastKnownFileType = file.storyboard; name = Base; path = Base.lproj/LaunchScreen.storyboard; sourceTree = "<group>"; };
		B7EA7EBB2851D80E006D8857 /* Info.plist */ = {isa = PBXFileReference; lastKnownFileType = text.plist.xml; path = Info.plist; sourceTree = "<group>"; };
		EC60918CD93D00379F2B2426 /* Pods-TicTacToe_pvp.release.xcconfig */ = {isa = PBXFileReference; includeInIndex = 1; lastKnownFileType = text.xcconfig; name = "Pods-TicTacToe_pvp.release.xcconfig"; path = "Target Support Files/Pods-TicTacToe_pvp/Pods-TicTacToe_pvp.release.xcconfig"; sourceTree = "<group>"; };
/* End PBXFileReference section */

/* Begin PBXFrameworksBuildPhase section */
		B7EA7EA72851D80D006D8857 /* Frameworks */ = {
			isa = PBXFrameworksBuildPhase;
			buildActionMask = 2147483647;
			files = (
				C99042AAB23B106645230B48 /* Pods_TicTacToe_pvp.framework in Frameworks */,
			);
			runOnlyForDeploymentPostprocessing = 0;
		};
/* End PBXFrameworksBuildPhase section */

/* Begin PBXGroup section */
		A44343722575E1872AA8CA7E /* Pods */ = {
			isa = PBXGroup;
			children = (
				35BEBB6BF74B57D8F291C081 /* Pods-TicTacToe_pvp.debug.xcconfig */,
				EC60918CD93D00379F2B2426 /* Pods-TicTacToe_pvp.release.xcconfig */,
			);
			path = Pods;
			sourceTree = "<group>";
		};
		B7EA7EA12851D80D006D8857 = {
			isa = PBXGroup;
			children = (
				B7EA7EAC2851D80D006D8857 /* TicTacToe_pvp */,
				B7EA7EAB2851D80D006D8857 /* Products */,
				A44343722575E1872AA8CA7E /* Pods */,
				CD0EDF7A9672928F4229A338 /* Frameworks */,
			);
			sourceTree = "<group>";
		};
		B7EA7EAB2851D80D006D8857 /* Products */ = {
			isa = PBXGroup;
			children = (
				B7EA7EAA2851D80D006D8857 /* TicTacToe_pvp.app */,
			);
			name = Products;
			sourceTree = "<group>";
		};
		B7EA7EAC2851D80D006D8857 /* TicTacToe_pvp */ = {
			isa = PBXGroup;
			children = (
				B7EA7EAD2851D80D006D8857 /* AppDelegate.swift */,
				B7D27E6E285B179A00711604 /* GoogleService-Info.plist */,
				B7EA7EAF2851D80D006D8857 /* SceneDelegate.swift */,
				B7EA7EB12851D80D006D8857 /* ViewController.swift */,
				B7EA7EB32851D80D006D8857 /* Main.storyboard */,
				B7EA7EB62851D80E006D8857 /* Assets.xcassets */,
				B7EA7EB82851D80E006D8857 /* LaunchScreen.storyboard */,
				B7EA7EBB2851D80E006D8857 /* Info.plist */,
				B7A8CE9D28586434006365A7 /* InitialViewController.swift */,
				B7A8CE9F2858651C006365A7 /* MenuViewController.swift */,
				B75B3D4228749702004DC014 /* FinalViewController.swift */,
			);
			path = TicTacToe_pvp;
			sourceTree = "<group>";
		};
		CD0EDF7A9672928F4229A338 /* Frameworks */ = {
			isa = PBXGroup;
			children = (
				4A5B2DDAE4DE3146F8AEC27E /* Pods_TicTacToe_pvp.framework */,
			);
			name = Frameworks;
			sourceTree = "<group>";
		};
/* End PBXGroup section */

/* Begin PBXNativeTarget section */
		B7EA7EA92851D80D006D8857 /* TicTacToe_pvp */ = {
			isa = PBXNativeTarget;
			buildConfigurationList = B7EA7EBE2851D80E006D8857 /* Build configuration list for PBXNativeTarget "TicTacToe_pvp" */;
			buildPhases = (
				1FA34CB33A7D080D316EAC9D /* [CP] Check Pods Manifest.lock */,
				B7EA7EA62851D80D006D8857 /* Sources */,
				B7EA7EA72851D80D006D8857 /* Frameworks */,
				B7EA7EA82851D80D006D8857 /* Resources */,
				FD1E21A244253445750D3C96 /* [CP] Embed Pods Frameworks */,
			);
			buildRules = (
			);
			dependencies = (
			);
			name = TicTacToe_pvp;
			productName = TicTacToe_pvp;
			productReference = B7EA7EAA2851D80D006D8857 /* TicTacToe_pvp.app */;
			productType = "com.apple.product-type.application";
		};
/* End PBXNativeTarget section */

/* Begin PBXProject section */
		B7EA7EA22851D80D006D8857 /* Project object */ = {
			isa = PBXProject;
			attributes = {
				BuildIndependentTargetsInParallel = 1;
				LastSwiftUpdateCheck = 1340;
				LastUpgradeCheck = 1340;
				TargetAttributes = {
					B7EA7EA92851D80D006D8857 = {
						CreatedOnToolsVersion = 13.4;
					};
				};
			};
			buildConfigurationList = B7EA7EA52851D80D006D8857 /* Build configuration list for PBXProject "TicTacToe_pvp" */;
			compatibilityVersion = "Xcode 13.0";
			developmentRegion = en;
			hasScannedForEncodings = 0;
			knownRegions = (
				en,
				Base,
			);
			mainGroup = B7EA7EA12851D80D006D8857;
			productRefGroup = B7EA7EAB2851D80D006D8857 /* Products */;
			projectDirPath = "";
			projectRoot = "";
			targets = (
				B7EA7EA92851D80D006D8857 /* TicTacToe_pvp */,
			);
		};
/* End PBXProject section */

/* Begin PBXResourcesBuildPhase section */
		B7EA7EA82851D80D006D8857 /* Resources */ = {
			isa = PBXResourcesBuildPhase;
			buildActionMask = 2147483647;
			files = (
				B7EA7EBA2851D80E006D8857 /* LaunchScreen.storyboard in Resources */,
				B7D27E6F285B179A00711604 /* GoogleService-Info.plist in Resources */,
				B7EA7EB72851D80E006D8857 /* Assets.xcassets in Resources */,
				B7EA7EB52851D80D006D8857 /* Main.storyboard in Resources */,
			);
			runOnlyForDeploymentPostprocessing = 0;
		};
/* End PBXResourcesBuildPhase section */

/* Begin PBXShellScriptBuildPhase section */
		1FA34CB33A7D080D316EAC9D /* [CP] Check Pods Manifest.lock */ = {
			isa = PBXShellScriptBuildPhase;
			buildActionMask = 2147483647;
			files = (
			);
			inputFileListPaths = (
			);
			inputPaths = (
				"${PODS_PODFILE_DIR_PATH}/Podfile.lock",
				"${PODS_ROOT}/Manifest.lock",
			);
			name = "[CP] Check Pods Manifest.lock";
			outputFileListPaths = (
			);
			outputPaths = (
				"$(DERIVED_FILE_DIR)/Pods-TicTacToe_pvp-checkManifestLockResult.txt",
			);
			runOnlyForDeploymentPostprocessing = 0;
			shellPath = /bin/sh;
			shellScript = "diff \"${PODS_PODFILE_DIR_PATH}/Podfile.lock\" \"${PODS_ROOT}/Manifest.lock\" > /dev/null\nif [ $? != 0 ] ; then\n    # print error to STDERR\n    echo \"error: The sandbox is not in sync with the Podfile.lock. Run 'pod install' or update your CocoaPods installation.\" >&2\n    exit 1\nfi\n# This output is used by Xcode 'outputs' to avoid re-running this script phase.\necho \"SUCCESS\" > \"${SCRIPT_OUTPUT_FILE_0}\"\n";
			showEnvVarsInLog = 0;
		};
		FD1E21A244253445750D3C96 /* [CP] Embed Pods Frameworks */ = {
			isa = PBXShellScriptBuildPhase;
			buildActionMask = 2147483647;
			files = (
			);
			inputFileListPaths = (
				"${PODS_ROOT}/Target Support Files/Pods-TicTacToe_pvp/Pods-TicTacToe_pvp-frameworks-${CONFIGURATION}-input-files.xcfilelist",
			);
			name = "[CP] Embed Pods Frameworks";
			outputFileListPaths = (
				"${PODS_ROOT}/Target Support Files/Pods-TicTacToe_pvp/Pods-TicTacToe_pvp-frameworks-${CONFIGURATION}-output-files.xcfilelist",
			);
			runOnlyForDeploymentPostprocessing = 0;
			shellPath = /bin/sh;
			shellScript = "\"${PODS_ROOT}/Target Support Files/Pods-TicTacToe_pvp/Pods-TicTacToe_pvp-frameworks.sh\"\n";
			showEnvVarsInLog = 0;
		};
/* End PBXShellScriptBuildPhase section */

/* Begin PBXSourcesBuildPhase section */
		B7EA7EA62851D80D006D8857 /* Sources */ = {
			isa = PBXSourcesBuildPhase;
			buildActionMask = 2147483647;
			files = (
				B7EA7EB22851D80D006D8857 /* ViewController.swift in Sources */,
				B75B3D4328749702004DC014 /* FinalViewController.swift in Sources */,
				B7A8CEA02858651C006365A7 /* MenuViewController.swift in Sources */,
				B7EA7EAE2851D80D006D8857 /* AppDelegate.swift in Sources */,
				B7EA7EB02851D80D006D8857 /* SceneDelegate.swift in Sources */,
				B7A8CE9E28586434006365A7 /* InitialViewController.swift in Sources */,
			);
			runOnlyForDeploymentPostprocessing = 0;
		};
/* End PBXSourcesBuildPhase section */

/* Begin PBXVariantGroup section */
		B7EA7EB32851D80D006D8857 /* Main.storyboard */ = {
			isa = PBXVariantGroup;
			children = (
				B7EA7EB42851D80D006D8857 /* Base */,
			);
			name = Main.storyboard;
			sourceTree = "<group>";
		};
		B7EA7EB82851D80E006D8857 /* LaunchScreen.storyboard */ = {
			isa = PBXVariantGroup;
			children = (
				B7EA7EB92851D80E006D8857 /* Base */,
			);
			name = LaunchScreen.storyboard;
			sourceTree = "<group>";
		};
/* End PBXVariantGroup section */

/* Begin XCBuildConfiguration section */
		B7EA7EBC2851D80E006D8857 /* Debug */ = {
			isa = XCBuildConfiguration;
			buildSettings = {
				ALWAYS_SEARCH_USER_PATHS = NO;
				CLANG_ANALYZER_NONNULL = YES;
				CLANG_ANALYZER_NUMBER_OBJECT_CONVERSION = YES_AGGRESSIVE;
				CLANG_CXX_LANGUAGE_STANDARD = "gnu++17";
				CLANG_ENABLE_MODULES = YES;
				CLANG_ENABLE_OBJC_ARC = YES;
				CLANG_ENABLE_OBJC_WEAK = YES;
				CLANG_WARN_BLOCK_CAPTURE_AUTORELEASING = YES;
				CLANG_WARN_BOOL_CONVERSION = YES;
				CLANG_WARN_COMMA = YES;
				CLANG_WARN_CONSTANT_CONVERSION = YES;
				CLANG_WARN_DEPRECATED_OBJC_IMPLEMENTATIONS = YES;
				CLANG_WARN_DIRECT_OBJC_ISA_USAGE = YES_ERROR;
				CLANG_WARN_DOCUMENTATION_COMMENTS = YES;
				CLANG_WARN_EMPTY_BODY = YES;
				CLANG_WARN_ENUM_CONVERSION = YES;
				CLANG_WARN_INFINITE_RECURSION = YES;
				CLANG_WARN_INT_CONVERSION = YES;
				CLANG_WARN_NON_LITERAL_NULL_CONVERSION = YES;
				CLANG_WARN_OBJC_IMPLICIT_RETAIN_SELF = YES;
				CLANG_WARN_OBJC_LITERAL_CONVERSION = YES;
				CLANG_WARN_OBJC_ROOT_CLASS = YES_ERROR;
				CLANG_WARN_QUOTED_INCLUDE_IN_FRAMEWORK_HEADER = YES;
				CLANG_WARN_RANGE_LOOP_ANALYSIS = YES;
				CLANG_WARN_STRICT_PROTOTYPES = YES;
				CLANG_WARN_SUSPICIOUS_MOVE = YES;
				CLANG_WARN_UNGUARDED_AVAILABILITY = YES_AGGRESSIVE;
				CLANG_WARN_UNREACHABLE_CODE = YES;
				CLANG_WARN__DUPLICATE_METHOD_MATCH = YES;
				COPY_PHASE_STRIP = NO;
				DEBUG_INFORMATION_FORMAT = dwarf;
				ENABLE_STRICT_OBJC_MSGSEND = YES;
				ENABLE_TESTABILITY = YES;
				GCC_C_LANGUAGE_STANDARD = gnu11;
				GCC_DYNAMIC_NO_PIC = NO;
				GCC_NO_COMMON_BLOCKS = YES;
				GCC_OPTIMIZATION_LEVEL = 0;
				GCC_PREPROCESSOR_DEFINITIONS = (
					"DEBUG=1",
					"$(inherited)",
				);
				GCC_WARN_64_TO_32_BIT_CONVERSION = YES;
				GCC_WARN_ABOUT_RETURN_TYPE = YES_ERROR;
				GCC_WARN_UNDECLARED_SELECTOR = YES;
				GCC_WARN_UNINITIALIZED_AUTOS = YES_AGGRESSIVE;
				GCC_WARN_UNUSED_FUNCTION = YES;
				GCC_WARN_UNUSED_VARIABLE = YES;
				IPHONEOS_DEPLOYMENT_TARGET = 15.5;
				MTL_ENABLE_DEBUG_INFO = INCLUDE_SOURCE;
				MTL_FAST_MATH = YES;
				ONLY_ACTIVE_ARCH = YES;
				SDKROOT = iphoneos;
				SWIFT_ACTIVE_COMPILATION_CONDITIONS = DEBUG;
				SWIFT_OPTIMIZATION_LEVEL = "-Onone";
			};
			name = Debug;
		};
		B7EA7EBD2851D80E006D8857 /* Release */ = {
			isa = XCBuildConfiguration;
			buildSettings = {
				ALWAYS_SEARCH_USER_PATHS = NO;
				CLANG_ANALYZER_NONNULL = YES;
				CLANG_ANALYZER_NUMBER_OBJECT_CONVERSION = YES_AGGRESSIVE;
				CLANG_CXX_LANGUAGE_STANDARD = "gnu++17";
				CLANG_ENABLE_MODULES = YES;
				CLANG_ENABLE_OBJC_ARC = YES;
				CLANG_ENABLE_OBJC_WEAK = YES;
				CLANG_WARN_BLOCK_CAPTURE_AUTORELEASING = YES;
				CLANG_WARN_BOOL_CONVERSION = YES;
				CLANG_WARN_COMMA = YES;
				CLANG_WARN_CONSTANT_CONVERSION = YES;
				CLANG_WARN_DEPRECATED_OBJC_IMPLEMENTATIONS = YES;
				CLANG_WARN_DIRECT_OBJC_ISA_USAGE = YES_ERROR;
				CLANG_WARN_DOCUMENTATION_COMMENTS = YES;
				CLANG_WARN_EMPTY_BODY = YES;
				CLANG_WARN_ENUM_CONVERSION = YES;
				CLANG_WARN_INFINITE_RECURSION = YES;
				CLANG_WARN_INT_CONVERSION = YES;
				CLANG_WARN_NON_LITERAL_NULL_CONVERSION = YES;
				CLANG_WARN_OBJC_IMPLICIT_RETAIN_SELF = YES;
				CLANG_WARN_OBJC_LITERAL_CONVERSION = YES;
				CLANG_WARN_OBJC_ROOT_CLASS = YES_ERROR;
				CLANG_WARN_QUOTED_INCLUDE_IN_FRAMEWORK_HEADER = YES;
				CLANG_WARN_RANGE_LOOP_ANALYSIS = YES;
				CLANG_WARN_STRICT_PROTOTYPES = YES;
				CLANG_WARN_SUSPICIOUS_MOVE = YES;
				CLANG_WARN_UNGUARDED_AVAILABILITY = YES_AGGRESSIVE;
				CLANG_WARN_UNREACHABLE_CODE = YES;
				CLANG_WARN__DUPLICATE_METHOD_MATCH = YES;
				COPY_PHASE_STRIP = NO;
				DEBUG_INFORMATION_FORMAT = "dwarf-with-dsym";
				ENABLE_NS_ASSERTIONS = NO;
				ENABLE_STRICT_OBJC_MSGSEND = YES;
				GCC_C_LANGUAGE_STANDARD = gnu11;
				GCC_NO_COMMON_BLOCKS = YES;
				GCC_WARN_64_TO_32_BIT_CONVERSION = YES;
				GCC_WARN_ABOUT_RETURN_TYPE = YES_ERROR;
				GCC_WARN_UNDECLARED_SELECTOR = YES;
				GCC_WARN_UNINITIALIZED_AUTOS = YES_AGGRESSIVE;
				GCC_WARN_UNUSED_FUNCTION = YES;
				GCC_WARN_UNUSED_VARIABLE = YES;
				IPHONEOS_DEPLOYMENT_TARGET = 15.5;
				MTL_ENABLE_DEBUG_INFO = NO;
				MTL_FAST_MATH = YES;
				SDKROOT = iphoneos;
				SWIFT_COMPILATION_MODE = wholemodule;
				SWIFT_OPTIMIZATION_LEVEL = "-O";
				VALIDATE_PRODUCT = YES;
			};
			name = Release;
		};
		B7EA7EBF2851D80E006D8857 /* Debug */ = {
			isa = XCBuildConfiguration;
			baseConfigurationReference = 35BEBB6BF74B57D8F291C081 /* Pods-TicTacToe_pvp.debug.xcconfig */;
			buildSettings = {
				ASSETCATALOG_COMPILER_APPICON_NAME = AppIcon;
				ASSETCATALOG_COMPILER_GLOBAL_ACCENT_COLOR_NAME = AccentColor;
				CODE_SIGN_STYLE = Automatic;
				CURRENT_PROJECT_VERSION = 1;
				GENERATE_INFOPLIST_FILE = YES;
				INFOPLIST_FILE = TicTacToe_pvp/Info.plist;
				INFOPLIST_KEY_UIApplicationSupportsIndirectInputEvents = YES;
				INFOPLIST_KEY_UILaunchStoryboardName = LaunchScreen;
				INFOPLIST_KEY_UIMainStoryboardFile = Main;
				INFOPLIST_KEY_UISupportedInterfaceOrientations_iPad = "UIInterfaceOrientationPortrait UIInterfaceOrientationPortraitUpsideDown UIInterfaceOrientationLandscapeLeft UIInterfaceOrientationLandscapeRight";
				INFOPLIST_KEY_UISupportedInterfaceOrientations_iPhone = "UIInterfaceOrientationPortrait UIInterfaceOrientationLandscapeLeft UIInterfaceOrientationLandscapeRight";
				LD_RUNPATH_SEARCH_PATHS = (
					"$(inherited)",
					"@executable_path/Frameworks",
				);
				MARKETING_VERSION = 1.0;
				PRODUCT_BUNDLE_IDENTIFIER = "com.gab.TicTacToe-pvp";
				PRODUCT_NAME = "$(TARGET_NAME)";
				SWIFT_EMIT_LOC_STRINGS = YES;
				SWIFT_VERSION = 5.0;
				TARGETED_DEVICE_FAMILY = 1;
			};
			name = Debug;
		};
		B7EA7EC02851D80E006D8857 /* Release */ = {
			isa = XCBuildConfiguration;
			baseConfigurationReference = EC60918CD93D00379F2B2426 /* Pods-TicTacToe_pvp.release.xcconfig */;
			buildSettings = {
				ASSETCATALOG_COMPILER_APPICON_NAME = AppIcon;
				ASSETCATALOG_COMPILER_GLOBAL_ACCENT_COLOR_NAME = AccentColor;
				CODE_SIGN_STYLE = Automatic;
				CURRENT_PROJECT_VERSION = 1;
				GENERATE_INFOPLIST_FILE = YES;
				INFOPLIST_FILE = TicTacToe_pvp/Info.plist;
				INFOPLIST_KEY_UIApplicationSupportsIndirectInputEvents = YES;
				INFOPLIST_KEY_UILaunchStoryboardName = LaunchScreen;
				INFOPLIST_KEY_UIMainStoryboardFile = Main;
				INFOPLIST_KEY_UISupportedInterfaceOrientations_iPad = "UIInterfaceOrientationPortrait UIInterfaceOrientationPortraitUpsideDown UIInterfaceOrientationLandscapeLeft UIInterfaceOrientationLandscapeRight";
				INFOPLIST_KEY_UISupportedInterfaceOrientations_iPhone = "UIInterfaceOrientationPortrait UIInterfaceOrientationLandscapeLeft UIInterfaceOrientationLandscapeRight";
				LD_RUNPATH_SEARCH_PATHS = (
					"$(inherited)",
					"@executable_path/Frameworks",
				);
				MARKETING_VERSION = 1.0;
				PRODUCT_BUNDLE_IDENTIFIER = "com.gab.TicTacToe-pvp";
				PRODUCT_NAME = "$(TARGET_NAME)";
				SWIFT_EMIT_LOC_STRINGS = YES;
				SWIFT_VERSION = 5.0;
				TARGETED_DEVICE_FAMILY = 1;
			};
			name = Release;
		};
/* End XCBuildConfiguration section */

/* Begin XCConfigurationList section */
		B7EA7EA52851D80D006D8857 /* Build configuration list for PBXProject "TicTacToe_pvp" */ = {
			isa = XCConfigurationList;
			buildConfigurations = (
				B7EA7EBC2851D80E006D8857 /* Debug */,
				B7EA7EBD2851D80E006D8857 /* Release */,
			);
			defaultConfigurationIsVisible = 0;
			defaultConfigurationName = Release;
		};
		B7EA7EBE2851D80E006D8857 /* Build configuration list for PBXNativeTarget "TicTacToe_pvp" */ = {
			isa = XCConfigurationList;
			buildConfigurations = (
				B7EA7EBF2851D80E006D8857 /* Debug */,
				B7EA7EC02851D80E006D8857 /* Release */,
			);
			defaultConfigurationIsVisible = 0;
			defaultConfigurationName = Release;
		};
/* End XCConfigurationList section */
	};
	rootObject = B7EA7EA22851D80D006D8857 /* Project object */;
}
